
Microsoft Visual Studio Solution File, Format Version 12.00
# Visual Studio Version 17
VisualStudioVersion = 17.5.33516.290
MinimumVisualStudioVersion = 10.0.40219.1
Project("{FAE04EC0-301F-11D3-BF4B-00C04F79EFBC}") = "OpcodeRemover", "OpcodeRemover.csproj", "{1BD264E5-8493-4F90-8ED2-4C5CBCCAC17C}"
EndProject
Global
	GlobalSection(SolutionConfigurationPlatforms) = preSolution
		Debug|Any CPU = Debug|Any CPU
		Release|Any CPU = Release|Any CPU
	EndGlobalSection
	GlobalSection(ProjectConfigurationPlatforms) = postSolution
		{1BD264E5-8493-4F90-8ED2-4C5CBCCAC17C}.Debug|Any CPU.ActiveCfg = Debug|Any CPU
		{1BD264E5-8493-4F90-8ED2-4C5CBCCAC17C}.Debug|Any CPU.Build.0 = Debug|Any CPU
		{1BD264E5-8493-4F90-8ED2-4C5CBCCAC17C}.Release|Any CPU.ActiveCfg = Release|Any CPU
		{1BD264E5-8493-4F90-8ED2-4C5CBCCAC17C}.Release|Any CPU.Build.0 = Release|Any CPU
	EndGlobalSection
	GlobalSection(SolutionProperties) = preSolution
		HideSolutionNode = FALSE
	EndGlobalSection
	GlobalSection(ExtensibilityGlobals) = postSolution
		SolutionGuid = {3F3A855E-8CEA-4A02-95B7-C33498DF4959}
	EndGlobalSection
EndGlobal
